
Microsoft Visual Studio Solution File, Format Version 12.00
# Visual Studio Version 17
VisualStudioVersion = 17.2.32526.322
MinimumVisualStudioVersion = 10.0.40219.1
Project("{9A19103F-16F7-4668-BE54-9A1E7A4F7556}") = "SwagLabs.WebDriverTests", "SwagLabs.WebDriverTests\SwagLabs.WebDriverTests.csproj", "{BE604EF1-5D56-4589-8D5A-E987C438F842}"
EndProject
Global
	GlobalSection(SolutionConfigurationPlatforms) = preSolution
		Debug|Any CPU = Debug|Any CPU
		Release|Any CPU = Release|Any CPU
	EndGlobalSection
	GlobalSection(ProjectConfigurationPlatforms) = postSolution
		{BE604EF1-5D56-4589-8D5A-E987C438F842}.Debug|Any CPU.ActiveCfg = Debug|Any CPU
		{BE604EF1-5D56-4589-8D5A-E987C438F842}.Debug|Any CPU.Build.0 = Debug|Any CPU
		{BE604EF1-5D56-4589-8D5A-E987C438F842}.Release|Any CPU.ActiveCfg = Release|Any CPU
		{BE604EF1-5D56-4589-8D5A-E987C438F842}.Release|Any CPU.Build.0 = Release|Any CPU
	EndGlobalSection
	GlobalSection(SolutionProperties) = preSolution
		HideSolutionNode = FALSE
	EndGlobalSection
	GlobalSection(ExtensibilityGlobals) = postSolution
		SolutionGuid = {08271B8C-E124-462E-9FB8-BD26709F7F0D}
	EndGlobalSection
EndGlobal
